
Microsoft Visual Studio Solution File, Format Version 12.00
# Visual Studio Version 17
VisualStudioVersion = 17.0.31903.59
MinimumVisualStudioVersion = 10.0.40219.1
Project("{2150E333-8FDC-42A3-9474-1A3956D46DE8}") = "src", "src", "{F221D261-E7CB-4416-9BEF-9D6E24E9BFCD}"
EndProject
Project("{FAE04EC0-301F-11D3-BF4B-00C04F79EFBC}") = "EFinanceira.Core", "src\EFinanceira.Core\EFinanceira.Core.csproj", "{3A319416-DC98-4EF5-9597-1DDE42D11A48}"
EndProject
Project("{2150E333-8FDC-42A3-9474-1A3956D46DE8}") = "tests", "tests", "{6C61EE85-87BD-485B-ADED-961CA00D9724}"
EndProject
Project("{FAE04EC0-301F-11D3-BF4B-00C04F79EFBC}") = "EFinanceira.Core.Tests", "tests\EFinanceira.Core.Tests\EFinanceira.Core.Tests.csproj", "{5FBC5811-53C5-47F9-8055-D82427F4BA43}"
EndProject
Global
	GlobalSection(SolutionConfigurationPlatforms) = preSolution
		Debug|Any CPU = Debug|Any CPU
		Release|Any CPU = Release|Any CPU
	EndGlobalSection
	GlobalSection(SolutionProperties) = preSolution
		HideSolutionNode = FALSE
	EndGlobalSection
	GlobalSection(ProjectConfigurationPlatforms) = postSolution
		{3A319416-DC98-4EF5-9597-1DDE42D11A48}.Debug|Any CPU.ActiveCfg = Debug|Any CPU
		{3A319416-DC98-4EF5-9597-1DDE42D11A48}.Debug|Any CPU.Build.0 = Debug|Any CPU
		{3A319416-DC98-4EF5-9597-1DDE42D11A48}.Release|Any CPU.ActiveCfg = Release|Any CPU
		{3A319416-DC98-4EF5-9597-1DDE42D11A48}.Release|Any CPU.Build.0 = Release|Any CPU
		{5FBC5811-53C5-47F9-8055-D82427F4BA43}.Debug|Any CPU.ActiveCfg = Debug|Any CPU
		{5FBC5811-53C5-47F9-8055-D82427F4BA43}.Debug|Any CPU.Build.0 = Debug|Any CPU
		{5FBC5811-53C5-47F9-8055-D82427F4BA43}.Release|Any CPU.ActiveCfg = Release|Any CPU
		{5FBC5811-53C5-47F9-8055-D82427F4BA43}.Release|Any CPU.Build.0 = Release|Any CPU
	EndGlobalSection
	GlobalSection(NestedProjects) = preSolution
		{3A319416-DC98-4EF5-9597-1DDE42D11A48} = {F221D261-E7CB-4416-9BEF-9D6E24E9BFCD}
		{5FBC5811-53C5-47F9-8055-D82427F4BA43} = {6C61EE85-87BD-485B-ADED-961CA00D9724}
	EndGlobalSection
EndGlobal
