
Microsoft Visual Studio Solution File, Format Version 12.00
# Visual Studio Version 17
VisualStudioVersion = 17.0.31903.59
MinimumVisualStudioVersion = 10.0.40219.1
Project("{2150E333-8FDC-42A3-9474-1A3956D46DE8}") = "src", "src", "{827E0CD3-B72D-47B6-A68D-7590B98EB39B}"
EndProject
Project("{FAE04EC0-301F-11D3-BF4B-00C04F79EFBC}") = "EFinanceira.Core", "src\EFinanceira.Core\EFinanceira.Core.csproj", "{57A5046E-04EB-499A-A55D-DD8A3B681AA7}"
EndProject
Project("{FAE04EC0-301F-11D3-BF4B-00C04F79EFBC}") = "EFinanceira.Messages", "src\EFinanceira.Messages\EFinanceira.Messages.csproj", "{E4A9D3E4-345E-4D83-9A5F-34DBED1E2DDD}"
EndProject
Project("{FAE04EC0-301F-11D3-BF4B-00C04F79EFBC}") = "EFinanceira.Tools.CodeGen", "src\EFinanceira.Tools.CodeGen\EFinanceira.Tools.CodeGen.csproj", "{F59558EB-5C2E-452A-BE87-A000124A3E53}"
EndProject
Project("{FAE04EC0-301F-11D3-BF4B-00C04F79EFBC}") = "EFinanceira.Console.Sample", "src\EFinanceira.Console.Sample\EFinanceira.Console.Sample.csproj", "{03D8C811-41B6-418A-A77A-FBA47AA56672}"
EndProject
Project("{2150E333-8FDC-42A3-9474-1A3956D46DE8}") = "tests", "tests", "{0AB3BF05-4346-4AA6-1389-037BE0695223}"
EndProject
Project("{FAE04EC0-301F-11D3-BF4B-00C04F79EFBC}") = "EFinanceira.Tests", "tests\EFinanceira.Tests\EFinanceira.Tests.csproj", "{1278EB1A-5977-46EC-8F7F-BB6416FA8FFD}"
EndProject
Project("{FAE04EC0-301F-11D3-BF4B-00C04F79EFBC}") = "EFinanceira.Messages.Tests", "tests\EFinanceira.Messages.Tests\EFinanceira.Messages.Tests.csproj", "{FA269B47-1944-40BD-A92E-805B6D96D0AD}"
EndProject
Global
	GlobalSection(SolutionConfigurationPlatforms) = preSolution
		Debug|Any CPU = Debug|Any CPU
		Debug|x64 = Debug|x64
		Debug|x86 = Debug|x86
		Release|Any CPU = Release|Any CPU
		Release|x64 = Release|x64
		Release|x86 = Release|x86
	EndGlobalSection
	GlobalSection(ProjectConfigurationPlatforms) = postSolution
		{57A5046E-04EB-499A-A55D-DD8A3B681AA7}.Debug|Any CPU.ActiveCfg = Debug|Any CPU
		{57A5046E-04EB-499A-A55D-DD8A3B681AA7}.Debug|Any CPU.Build.0 = Debug|Any CPU
		{57A5046E-04EB-499A-A55D-DD8A3B681AA7}.Debug|x64.ActiveCfg = Debug|Any CPU
		{57A5046E-04EB-499A-A55D-DD8A3B681AA7}.Debug|x64.Build.0 = Debug|Any CPU
		{57A5046E-04EB-499A-A55D-DD8A3B681AA7}.Debug|x86.ActiveCfg = Debug|Any CPU
		{57A5046E-04EB-499A-A55D-DD8A3B681AA7}.Debug|x86.Build.0 = Debug|Any CPU
		{57A5046E-04EB-499A-A55D-DD8A3B681AA7}.Release|Any CPU.ActiveCfg = Release|Any CPU
		{57A5046E-04EB-499A-A55D-DD8A3B681AA7}.Release|Any CPU.Build.0 = Release|Any CPU
		{57A5046E-04EB-499A-A55D-DD8A3B681AA7}.Release|x64.ActiveCfg = Release|Any CPU
		{57A5046E-04EB-499A-A55D-DD8A3B681AA7}.Release|x64.Build.0 = Release|Any CPU
		{57A5046E-04EB-499A-A55D-DD8A3B681AA7}.Release|x86.ActiveCfg = Release|Any CPU
		{57A5046E-04EB-499A-A55D-DD8A3B681AA7}.Release|x86.Build.0 = Release|Any CPU
		{E4A9D3E4-345E-4D83-9A5F-34DBED1E2DDD}.Debug|Any CPU.ActiveCfg = Debug|Any CPU
		{E4A9D3E4-345E-4D83-9A5F-34DBED1E2DDD}.Debug|Any CPU.Build.0 = Debug|Any CPU
		{E4A9D3E4-345E-4D83-9A5F-34DBED1E2DDD}.Debug|x64.ActiveCfg = Debug|Any CPU
		{E4A9D3E4-345E-4D83-9A5F-34DBED1E2DDD}.Debug|x64.Build.0 = Debug|Any CPU
		{E4A9D3E4-345E-4D83-9A5F-34DBED1E2DDD}.Debug|x86.ActiveCfg = Debug|Any CPU
		{E4A9D3E4-345E-4D83-9A5F-34DBED1E2DDD}.Debug|x86.Build.0 = Debug|Any CPU
		{E4A9D3E4-345E-4D83-9A5F-34DBED1E2DDD}.Release|Any CPU.ActiveCfg = Release|Any CPU
		{E4A9D3E4-345E-4D83-9A5F-34DBED1E2DDD}.Release|Any CPU.Build.0 = Release|Any CPU
		{E4A9D3E4-345E-4D83-9A5F-34DBED1E2DDD}.Release|x64.ActiveCfg = Release|Any CPU
		{E4A9D3E4-345E-4D83-9A5F-34DBED1E2DDD}.Release|x64.Build.0 = Release|Any CPU
		{E4A9D3E4-345E-4D83-9A5F-34DBED1E2DDD}.Release|x86.ActiveCfg = Release|Any CPU
		{E4A9D3E4-345E-4D83-9A5F-34DBED1E2DDD}.Release|x86.Build.0 = Release|Any CPU
		{F59558EB-5C2E-452A-BE87-A000124A3E53}.Debug|Any CPU.ActiveCfg = Debug|Any CPU
		{F59558EB-5C2E-452A-BE87-A000124A3E53}.Debug|Any CPU.Build.0 = Debug|Any CPU
		{F59558EB-5C2E-452A-BE87-A000124A3E53}.Debug|x64.ActiveCfg = Debug|Any CPU
		{F59558EB-5C2E-452A-BE87-A000124A3E53}.Debug|x64.Build.0 = Debug|Any CPU
		{F59558EB-5C2E-452A-BE87-A000124A3E53}.Debug|x86.ActiveCfg = Debug|Any CPU
		{F59558EB-5C2E-452A-BE87-A000124A3E53}.Debug|x86.Build.0 = Debug|Any CPU
		{F59558EB-5C2E-452A-BE87-A000124A3E53}.Release|Any CPU.ActiveCfg = Release|Any CPU
		{F59558EB-5C2E-452A-BE87-A000124A3E53}.Release|Any CPU.Build.0 = Release|Any CPU
		{F59558EB-5C2E-452A-BE87-A000124A3E53}.Release|x64.ActiveCfg = Release|Any CPU
		{F59558EB-5C2E-452A-BE87-A000124A3E53}.Release|x64.Build.0 = Release|Any CPU
		{F59558EB-5C2E-452A-BE87-A000124A3E53}.Release|x86.ActiveCfg = Release|Any CPU
		{F59558EB-5C2E-452A-BE87-A000124A3E53}.Release|x86.Build.0 = Release|Any CPU
		{03D8C811-41B6-418A-A77A-FBA47AA56672}.Debug|Any CPU.ActiveCfg = Debug|Any CPU
		{03D8C811-41B6-418A-A77A-FBA47AA56672}.Debug|Any CPU.Build.0 = Debug|Any CPU
		{03D8C811-41B6-418A-A77A-FBA47AA56672}.Debug|x64.ActiveCfg = Debug|Any CPU
		{03D8C811-41B6-418A-A77A-FBA47AA56672}.Debug|x64.Build.0 = Debug|Any CPU
		{03D8C811-41B6-418A-A77A-FBA47AA56672}.Debug|x86.ActiveCfg = Debug|Any CPU
		{03D8C811-41B6-418A-A77A-FBA47AA56672}.Debug|x86.Build.0 = Debug|Any CPU
		{03D8C811-41B6-418A-A77A-FBA47AA56672}.Release|Any CPU.ActiveCfg = Release|Any CPU
		{03D8C811-41B6-418A-A77A-FBA47AA56672}.Release|Any CPU.Build.0 = Release|Any CPU
		{03D8C811-41B6-418A-A77A-FBA47AA56672}.Release|x64.ActiveCfg = Release|Any CPU
		{03D8C811-41B6-418A-A77A-FBA47AA56672}.Release|x64.Build.0 = Release|Any CPU
		{03D8C811-41B6-418A-A77A-FBA47AA56672}.Release|x86.ActiveCfg = Release|Any CPU
		{03D8C811-41B6-418A-A77A-FBA47AA56672}.Release|x86.Build.0 = Release|Any CPU
		{1278EB1A-5977-46EC-8F7F-BB6416FA8FFD}.Debug|Any CPU.ActiveCfg = Debug|Any CPU
		{1278EB1A-5977-46EC-8F7F-BB6416FA8FFD}.Debug|Any CPU.Build.0 = Debug|Any CPU
		{1278EB1A-5977-46EC-8F7F-BB6416FA8FFD}.Debug|x64.ActiveCfg = Debug|Any CPU
		{1278EB1A-5977-46EC-8F7F-BB6416FA8FFD}.Debug|x64.Build.0 = Debug|Any CPU
		{1278EB1A-5977-46EC-8F7F-BB6416FA8FFD}.Debug|x86.ActiveCfg = Debug|Any CPU
		{1278EB1A-5977-46EC-8F7F-BB6416FA8FFD}.Debug|x86.Build.0 = Debug|Any CPU
		{1278EB1A-5977-46EC-8F7F-BB6416FA8FFD}.Release|Any CPU.ActiveCfg = Release|Any CPU
		{1278EB1A-5977-46EC-8F7F-BB6416FA8FFD}.Release|Any CPU.Build.0 = Release|Any CPU
		{1278EB1A-5977-46EC-8F7F-BB6416FA8FFD}.Release|x64.ActiveCfg = Release|Any CPU
		{1278EB1A-5977-46EC-8F7F-BB6416FA8FFD}.Release|x64.Build.0 = Release|Any CPU
		{1278EB1A-5977-46EC-8F7F-BB6416FA8FFD}.Release|x86.ActiveCfg = Release|Any CPU
		{1278EB1A-5977-46EC-8F7F-BB6416FA8FFD}.Release|x86.Build.0 = Release|Any CPU
		{FA269B47-1944-40BD-A92E-805B6D96D0AD}.Debug|Any CPU.ActiveCfg = Debug|Any CPU
		{FA269B47-1944-40BD-A92E-805B6D96D0AD}.Debug|Any CPU.Build.0 = Debug|Any CPU
		{FA269B47-1944-40BD-A92E-805B6D96D0AD}.Debug|x64.ActiveCfg = Debug|Any CPU
		{FA269B47-1944-40BD-A92E-805B6D96D0AD}.Debug|x64.Build.0 = Debug|Any CPU
		{FA269B47-1944-40BD-A92E-805B6D96D0AD}.Debug|x86.ActiveCfg = Debug|Any CPU
		{FA269B47-1944-40BD-A92E-805B6D96D0AD}.Debug|x86.Build.0 = Debug|Any CPU
		{FA269B47-1944-40BD-A92E-805B6D96D0AD}.Release|Any CPU.ActiveCfg = Release|Any CPU
		{FA269B47-1944-40BD-A92E-805B6D96D0AD}.Release|Any CPU.Build.0 = Release|Any CPU
		{FA269B47-1944-40BD-A92E-805B6D96D0AD}.Release|x64.ActiveCfg = Release|Any CPU
		{FA269B47-1944-40BD-A92E-805B6D96D0AD}.Release|x64.Build.0 = Release|Any CPU
		{FA269B47-1944-40BD-A92E-805B6D96D0AD}.Release|x86.ActiveCfg = Release|Any CPU
		{FA269B47-1944-40BD-A92E-805B6D96D0AD}.Release|x86.Build.0 = Release|Any CPU
	EndGlobalSection
	GlobalSection(SolutionProperties) = preSolution
		HideSolutionNode = FALSE
	EndGlobalSection
	GlobalSection(NestedProjects) = preSolution
		{57A5046E-04EB-499A-A55D-DD8A3B681AA7} = {827E0CD3-B72D-47B6-A68D-7590B98EB39B}
		{E4A9D3E4-345E-4D83-9A5F-34DBED1E2DDD} = {827E0CD3-B72D-47B6-A68D-7590B98EB39B}
		{F59558EB-5C2E-452A-BE87-A000124A3E53} = {827E0CD3-B72D-47B6-A68D-7590B98EB39B}
		{03D8C811-41B6-418A-A77A-FBA47AA56672} = {827E0CD3-B72D-47B6-A68D-7590B98EB39B}
		{1278EB1A-5977-46EC-8F7F-BB6416FA8FFD} = {0AB3BF05-4346-4AA6-1389-037BE0695223}
		{FA269B47-1944-40BD-A92E-805B6D96D0AD} = {0AB3BF05-4346-4AA6-1389-037BE0695223}
	EndGlobalSection
EndGlobal
